{
  "version": 4,
  "terraform_version": "1.11.1",
  "serial": 216,
  "lineage": "f9e4fb3d-fa18-2857-c7d6-35d6f9a90db2",
  "outputs": {
    "api_endpoint": {
      "value": "https://b8e3dexk76.execute-api.us-east-1.amazonaws.com/dev",
      "type": "string"
    },
    "cognito_client_id": {
      "value": "5u16a5k77cr779kdbr1sokhkl9",
      "type": "string"
    },
    "cognito_pool_id": {
      "value": "us-east-1_ypH4pUCEZ",
      "type": "string"
    },
    "dynamodb_table_name": {
      "value": "RawSensorDataTable",
      "type": "string"
    },
    "lambda_function_name": {
      "value": "save-raw-sensor-data",
      "type": "string"
    }
  },
  "resources": [
    {
      "mode": "data",
      "type": "archive_file",
      "name": "energy_expenditure_zip",
      "provider": "provider[\"registry.terraform.io/hashicorp/archive\"]",
      "instances": [
        {
          "schema_version": 0,
          "attributes": {
            "exclude_symlink_directories": null,
            "excludes": null,
            "id": "3102a9c9148a5351c4f798de5bfe2f264d8e7550",
            "output_base64sha256": "ErJNO5aHqDVIjt5RONyMRfqA35um99Vr/uGKeCBHp5Y=",
            "output_base64sha512": "vKkPyJfJP6Zd0f2kZ/bWyEjwUxGA0H0yc7onHs+O5Lh2hm8rWtmHsOalTZPJ5/Kun1uX0ZoGB9MTit+UBxHWwA==",
            "output_file_mode": null,
            "output_md5": "b27ba2e257848f43801a37b4ac06a580",
            "output_path": "./lambda/energy_expenditure_function.zip",
            "output_sha": "3102a9c9148a5351c4f798de5bfe2f264d8e7550",
            "output_sha256": "12b24d3b9687a835488ede5138dc8c45fa80df9ba6f7d56bfee18a782047a796",
            "output_sha512": "bca90fc897c93fa65dd1fda467f6d6c848f0531180d07d3273ba271ecf8ee4b876866f2b5ad987b0e6a54d93c9e7f2ae9f5b97d19a0607d3138adf940711d6c0",
            "output_size": 2328,
            "source": [],
            "source_content": null,
            "source_content_filename": null,
            "source_dir": null,
            "source_file": "./lambda/process_energy_expenditure.js",
            "type": "zip"
          },
          "sensitive_attributes": []
        }
      ]
    },
    {
      "mode": "data",
      "type": "archive_file",
      "name": "get_user_profile_zip",
      "provider": "provider[\"registry.terraform.io/hashicorp/archive\"]",
      "instances": [
        {
          "schema_version": 0,
          "attributes": {
            "exclude_symlink_directories": null,
            "excludes": null,
            "id": "c218c4ab839c45d91a968e05518473d34071788e",
            "output_base64sha256": "vtDiTp2fz3Pp08GnGYwlYbWp2WqCWZ89IYW5o6vXKyg=",
            "output_base64sha512": "Z2tAv4++QRyfBJ27eaK/1S4zvdIAea0FcH6uHGQZsBbSHB/FrNxQsT0FttKDfnIhP/n1uIvtVIIiLgfbX+qCZw==",
            "output_file_mode": null,
            "output_md5": "350f483cc1f43da4bda026d4b810a5dc",
            "output_path": "./lambda/get_user_profile_function.zip",
            "output_sha": "c218c4ab839c45d91a968e05518473d34071788e",
            "output_sha256": "bed0e24e9d9fcf73e9d3c1a7198c2561b5a9d96a82599f3d2185b9a3abd72b28",
            "output_sha512": "676b40bf8fbe411c9f049dbb79a2bfd52e33bdd20079ad05707eae1c6419b016d21c1fc5acdc50b13d05b6d2837e72213ff9f5b88bed5482222e07db5fea8267",
            "output_size": 991,
            "source": [],
            "source_content": null,
            "source_content_filename": null,
            "source_dir": null,
            "source_file": "./lambda/get_user_profile.js",
            "type": "zip"
          },
          "sensitive_attributes": []
        }
      ]
    },
    {
      "mode": "data",
      "type": "archive_file",
      "name": "lambda_zip",
      "provider": "provider[\"registry.terraform.io/hashicorp/archive\"]",
      "instances": [
        {
          "schema_version": 0,
          "attributes": {
            "exclude_symlink_directories": null,
            "excludes": null,
            "id": "b421c88c05087446323cff7bb431ff7b1c3b6928",
            "output_base64sha256": "LrJ1cAmlUJSYmhC5t16r8wi4CagjEyU153ipE4D6esE=",
            "output_base64sha512": "KK42/SsAGvMefkT1HirG69C/JF6g08vPp3LGffC73g2THY4v+p57ndwMUqMEjVY/6jBXFheZWwy23KQR4kxImA==",
            "output_file_mode": null,
            "output_md5": "4dd96ea3152007b537d90140cafba268",
            "output_path": "./lambda/function.zip",
            "output_sha": "b421c88c05087446323cff7bb431ff7b1c3b6928",
            "output_sha256": "2eb2757009a55094989a10b9b75eabf308b809a823132535e778a91380fa7ac1",
            "output_sha512": "28ae36fd2b001af31e7e44f51e2ac6ebd0bf245ea0d3cbcfa772c67df0bbde0d931d8e2ffa9e7b9ddc0c52a3048d563fea30571617995b0cb6dca411e24c4898",
            "output_size": 1134,
            "source": [],
            "source_content": null,
            "source_content_filename": null,
            "source_dir": null,
            "source_file": "./lambda/index.js",
            "type": "zip"
          },
          "sensitive_attributes": []
        }
      ]
    },
    {
      "mode": "data",
      "type": "archive_file",
      "name": "user_profile_zip",
      "provider": "provider[\"registry.terraform.io/hashicorp/archive\"]",
      "instances": [
        {
          "schema_version": 0,
          "attributes": {
            "exclude_symlink_directories": null,
            "excludes": null,
            "id": "ad3938457a4b03b55ad4a4ec32e5dd0d9303514f",
            "output_base64sha256": "MH0H3QUu7by/U9WGfQwmlOZJk4YWP70guMHiogxzhf0=",
            "output_base64sha512": "Krgk2rgirCM2Iki1g3QAx9ljjMBmnVQyIT4xLhw8StmWCKALlgNRcpaE/bFGL8PLrrp6fj5Hdsf857THSpGd1A==",
            "output_file_mode": null,
            "output_md5": "053641c6b361895b02e8c48c862e2639",
            "output_path": "./lambda/user_profile_function.zip",
            "output_sha": "ad3938457a4b03b55ad4a4ec32e5dd0d9303514f",
            "output_sha256": "307d07dd052eedbcbf53d5867d0c2694e6499386163fbd20b8c1e2a20c7385fd",
            "output_sha512": "2ab824dab822ac23362248b5837400c7d9638cc0669d5432213e312e1c3c4ad99608a00b960351729684fdb1462fc3cbaeba7a7e3e4776c7fce7b4c74a919dd4",
            "output_size": 1155,
            "source": [],
            "source_content": null,
            "source_content_filename": null,
            "source_dir": null,
            "source_file": "./lambda/user_profile.js",
            "type": "zip"
          },
          "sensitive_attributes": []
        }
      ]
    },
    {
      "mode": "managed",
      "type": "aws_apigatewayv2_api",
      "name": "lambda_api",
      "provider": "provider[\"registry.terraform.io/hashicorp/aws\"]",
      "instances": [
        {
          "schema_version": 0,
          "attributes": {
            "api_endpoint": "https://b8e3dexk76.execute-api.us-east-1.amazonaws.com",
            "api_key_selection_expression": "$request.header.x-api-key",
            "arn": "arn:aws:apigateway:us-east-1::/apis/b8e3dexk76",
            "body": null,
            "cors_configuration": [],
            "credentials_arn": null,
            "description": "",
            "disable_execute_api_endpoint": false,
            "execution_arn": "arn:aws:execute-api:us-east-1:637423348890:b8e3dexk76",
            "fail_on_warnings": null,
            "id": "b8e3dexk76",
            "name": "open-metabolics-api",
            "protocol_type": "HTTP",
            "route_key": null,
            "route_selection_expression": "$request.method $request.path",
            "tags": {},
            "tags_all": {},
            "target": null,
            "version": ""
          },
          "sensitive_attributes": [],
          "private": "bnVsbA=="
        }
      ]
    },
    {
      "mode": "managed",
      "type": "aws_apigatewayv2_integration",
      "name": "energy_expenditure_integration",
      "provider": "provider[\"registry.terraform.io/hashicorp/aws\"]",
      "instances": [
        {
          "schema_version": 0,
          "attributes": {
            "api_id": "b8e3dexk76",
            "connection_id": "",
            "connection_type": "INTERNET",
            "content_handling_strategy": "",
            "credentials_arn": "",
            "description": "Energy expenditure processing Lambda integration",
            "id": "yyk5em0",
            "integration_method": "POST",
            "integration_response_selection_expression": "",
            "integration_subtype": "",
            "integration_type": "AWS_PROXY",
            "integration_uri": "arn:aws:apigateway:us-east-1:lambda:path/2015-03-31/functions/arn:aws:lambda:us-east-1:637423348890:function:process-energy-expenditure/invocations",
            "passthrough_behavior": "",
            "payload_format_version": "1.0",
            "request_parameters": {},
            "request_templates": {},
            "response_parameters": [],
            "template_selection_expression": "",
            "timeout_milliseconds": 30000,
            "tls_config": []
          },
          "sensitive_attributes": [],
          "private": "bnVsbA==",
          "dependencies": [
            "aws_apigatewayv2_api.lambda_api",
            "aws_dynamodb_table.energy_expenditure_results",
            "aws_dynamodb_table.raw_sensor_data",
            "aws_iam_role.lambda_role",
            "aws_lambda_function.energy_expenditure_handler",
            "data.archive_file.energy_expenditure_zip"
          ]
        }
      ]
    },
    {
      "mode": "managed",
      "type": "aws_apigatewayv2_integration",
      "name": "get_user_profile_integration",
      "provider": "provider[\"registry.terraform.io/hashicorp/aws\"]",
      "instances": [
        {
          "schema_version": 0,
          "attributes": {
            "api_id": "b8e3dexk76",
            "connection_id": "",
            "connection_type": "INTERNET",
            "content_handling_strategy": "",
            "credentials_arn": "",
            "description": "Get user profile Lambda integration",
            "id": "uo241qa",
            "integration_method": "POST",
            "integration_response_selection_expression": "",
            "integration_subtype": "",
            "integration_type": "AWS_PROXY",
            "integration_uri": "arn:aws:apigateway:us-east-1:lambda:path/2015-03-31/functions/arn:aws:lambda:us-east-1:637423348890:function:get-user-profile/invocations",
            "passthrough_behavior": "",
            "payload_format_version": "1.0",
            "request_parameters": {},
            "request_templates": {},
            "response_parameters": [],
            "template_selection_expression": "",
            "timeout_milliseconds": 30000,
            "tls_config": []
          },
          "sensitive_attributes": [],
          "private": "bnVsbA==",
          "dependencies": [
            "aws_apigatewayv2_api.lambda_api",
            "aws_dynamodb_table.user_profiles",
            "aws_iam_role.lambda_role",
            "aws_lambda_function.get_user_profile_handler",
            "data.archive_file.get_user_profile_zip"
          ]
        }
      ]
    },
    {
      "mode": "managed",
      "type": "aws_apigatewayv2_integration",
      "name": "lambda_integration",
      "provider": "provider[\"registry.terraform.io/hashicorp/aws\"]",
      "instances": [
        {
          "schema_version": 0,
          "attributes": {
            "api_id": "b8e3dexk76",
            "connection_id": "",
            "connection_type": "INTERNET",
            "content_handling_strategy": "",
            "credentials_arn": "",
            "description": "Lambda integration",
            "id": "hno61qq",
            "integration_method": "POST",
            "integration_response_selection_expression": "",
            "integration_subtype": "",
            "integration_type": "AWS_PROXY",
            "integration_uri": "arn:aws:apigateway:us-east-1:lambda:path/2015-03-31/functions/arn:aws:lambda:us-east-1:637423348890:function:save-raw-sensor-data/invocations",
            "passthrough_behavior": "",
            "payload_format_version": "1.0",
            "request_parameters": {},
            "request_templates": {},
            "response_parameters": [],
            "template_selection_expression": "",
            "timeout_milliseconds": 30000,
            "tls_config": []
          },
          "sensitive_attributes": [],
          "private": "bnVsbA==",
          "dependencies": [
            "aws_apigatewayv2_api.lambda_api",
            "aws_dynamodb_table.raw_sensor_data",
            "aws_iam_role.lambda_role",
            "aws_lambda_function.sensor_data_handler",
            "data.archive_file.lambda_zip"
          ]
        }
      ]
    },
    {
      "mode": "managed",
      "type": "aws_apigatewayv2_integration",
      "name": "user_profile_integration",
      "provider": "provider[\"registry.terraform.io/hashicorp/aws\"]",
      "instances": [
        {
          "schema_version": 0,
          "attributes": {
            "api_id": "b8e3dexk76",
            "connection_id": "",
            "connection_type": "INTERNET",
            "content_handling_strategy": "",
            "credentials_arn": "",
            "description": "User profile management Lambda integration",
            "id": "4hk65uh",
            "integration_method": "POST",
            "integration_response_selection_expression": "",
            "integration_subtype": "",
            "integration_type": "AWS_PROXY",
            "integration_uri": "arn:aws:apigateway:us-east-1:lambda:path/2015-03-31/functions/arn:aws:lambda:us-east-1:637423348890:function:manage-user-profile/invocations",
            "passthrough_behavior": "",
            "payload_format_version": "1.0",
            "request_parameters": {},
            "request_templates": {},
            "response_parameters": [],
            "template_selection_expression": "",
            "timeout_milliseconds": 30000,
            "tls_config": []
          },
          "sensitive_attributes": [],
          "private": "bnVsbA==",
          "dependencies": [
            "aws_apigatewayv2_api.lambda_api",
            "aws_dynamodb_table.user_profiles",
            "aws_iam_role.lambda_role",
            "aws_lambda_function.user_profile_handler",
            "data.archive_file.user_profile_zip"
          ]
        }
      ]
    },
    {
      "mode": "managed",
      "type": "aws_apigatewayv2_route",
      "name": "energy_expenditure_route",
      "provider": "provider[\"registry.terraform.io/hashicorp/aws\"]",
      "instances": [
        {
          "schema_version": 0,
          "attributes": {
            "api_id": "b8e3dexk76",
            "api_key_required": false,
            "authorization_scopes": [],
            "authorization_type": "NONE",
            "authorizer_id": "",
            "id": "q5mxta8",
            "model_selection_expression": "",
            "operation_name": "",
            "request_models": {},
            "request_parameter": [],
            "route_key": "POST /process-energy-expenditure",
            "route_response_selection_expression": "",
            "target": "integrations/yyk5em0"
          },
          "sensitive_attributes": [],
          "private": "bnVsbA==",
          "dependencies": [
            "aws_apigatewayv2_api.lambda_api",
            "aws_apigatewayv2_integration.energy_expenditure_integration",
            "aws_dynamodb_table.energy_expenditure_results",
            "aws_dynamodb_table.raw_sensor_data",
            "aws_iam_role.lambda_role",
            "aws_lambda_function.energy_expenditure_handler",
            "data.archive_file.energy_expenditure_zip"
          ]
        }
      ]
    },
    {
      "mode": "managed",
      "type": "aws_apigatewayv2_route",
      "name": "get_user_profile_route",
      "provider": "provider[\"registry.terraform.io/hashicorp/aws\"]",
      "instances": [
        {
          "schema_version": 0,
          "attributes": {
            "api_id": "b8e3dexk76",
            "api_key_required": false,
            "authorization_scopes": [],
            "authorization_type": "NONE",
            "authorizer_id": "",
            "id": "b703iyj",
            "model_selection_expression": "",
            "operation_name": "",
            "request_models": {},
            "request_parameter": [],
            "route_key": "POST /get-user-profile",
            "route_response_selection_expression": "",
            "target": "integrations/uo241qa"
          },
          "sensitive_attributes": [],
          "private": "bnVsbA==",
          "dependencies": [
            "aws_apigatewayv2_api.lambda_api",
            "aws_apigatewayv2_integration.get_user_profile_integration",
            "aws_dynamodb_table.user_profiles",
            "aws_iam_role.lambda_role",
            "aws_lambda_function.get_user_profile_handler",
            "data.archive_file.get_user_profile_zip"
          ]
        }
      ]
    },
    {
      "mode": "managed",
      "type": "aws_apigatewayv2_route",
      "name": "lambda_route",
      "provider": "provider[\"registry.terraform.io/hashicorp/aws\"]",
      "instances": [
        {
          "schema_version": 0,
          "attributes": {
            "api_id": "b8e3dexk76",
            "api_key_required": false,
            "authorization_scopes": [],
            "authorization_type": "NONE",
            "authorizer_id": "",
            "id": "e1rued1",
            "model_selection_expression": "",
            "operation_name": "",
            "request_models": {},
            "request_parameter": [],
            "route_key": "POST /save-raw-sensor-data",
            "route_response_selection_expression": "",
            "target": "integrations/hno61qq"
          },
          "sensitive_attributes": [],
          "private": "bnVsbA==",
          "dependencies": [
            "aws_apigatewayv2_api.lambda_api",
            "aws_apigatewayv2_integration.lambda_integration",
            "aws_dynamodb_table.raw_sensor_data",
            "aws_iam_role.lambda_role",
            "aws_lambda_function.sensor_data_handler",
            "data.archive_file.lambda_zip"
          ]
        }
      ]
    },
    {
      "mode": "managed",
      "type": "aws_apigatewayv2_route",
      "name": "user_profile_route",
      "provider": "provider[\"registry.terraform.io/hashicorp/aws\"]",
      "instances": [
        {
          "schema_version": 0,
          "attributes": {
            "api_id": "b8e3dexk76",
            "api_key_required": false,
            "authorization_scopes": [],
            "authorization_type": "NONE",
            "authorizer_id": "",
            "id": "tuf0juc",
            "model_selection_expression": "",
            "operation_name": "",
            "request_models": {},
            "request_parameter": [],
            "route_key": "POST /manage-user-profile",
            "route_response_selection_expression": "",
            "target": "integrations/4hk65uh"
          },
          "sensitive_attributes": [],
          "private": "bnVsbA==",
          "dependencies": [
            "aws_apigatewayv2_api.lambda_api",
            "aws_apigatewayv2_integration.user_profile_integration",
            "aws_dynamodb_table.user_profiles",
            "aws_iam_role.lambda_role",
            "aws_lambda_function.user_profile_handler",
            "data.archive_file.user_profile_zip"
          ]
        }
      ]
    },
    {
      "mode": "managed",
      "type": "aws_apigatewayv2_stage",
      "name": "lambda_stage",
      "provider": "provider[\"registry.terraform.io/hashicorp/aws\"]",
      "instances": [
        {
          "schema_version": 0,
          "attributes": {
            "access_log_settings": [],
            "api_id": "b8e3dexk76",
            "arn": "arn:aws:apigateway:us-east-1::/apis/b8e3dexk76/stages/dev",
            "auto_deploy": true,
            "client_certificate_id": "",
            "default_route_settings": [
              {
                "data_trace_enabled": false,
                "detailed_metrics_enabled": false,
                "logging_level": "",
                "throttling_burst_limit": 0,
                "throttling_rate_limit": 0
              }
            ],
            "deployment_id": "ocj1md",
            "description": "",
            "execution_arn": "arn:aws:execute-api:us-east-1:637423348890:b8e3dexk76/dev",
            "id": "dev",
            "invoke_url": "https://b8e3dexk76.execute-api.us-east-1.amazonaws.com/dev",
            "name": "dev",
            "route_settings": [],
            "stage_variables": {},
            "tags": {},
            "tags_all": {}
          },
          "sensitive_attributes": [],
          "private": "bnVsbA==",
          "dependencies": [
            "aws_apigatewayv2_api.lambda_api"
          ]
        }
      ]
    },
    {
      "mode": "managed",
      "type": "aws_cognito_user_pool",
      "name": "user_pool",
      "provider": "provider[\"registry.terraform.io/hashicorp/aws\"]",
      "instances": [
        {
          "schema_version": 0,
          "attributes": {
            "account_recovery_setting": [
              {
                "recovery_mechanism": [
                  {
                    "name": "verified_email",
                    "priority": 1
                  },
                  {
                    "name": "verified_phone_number",
                    "priority": 2
                  }
                ]
              }
            ],
            "admin_create_user_config": [
              {
                "allow_admin_create_user_only": false,
                "invite_message_template": []
              }
            ],
            "alias_attributes": null,
            "arn": "arn:aws:cognito-idp:us-east-1:637423348890:userpool/us-east-1_ypH4pUCEZ",
            "auto_verified_attributes": [
              "email"
            ],
            "creation_date": "2025-04-10T16:16:21Z",
            "custom_domain": "",
            "deletion_protection": "INACTIVE",
            "device_configuration": [],
            "domain": "",
            "email_configuration": [
              {
                "configuration_set": "",
                "email_sending_account": "DEVELOPER",
                "from_email_address": "justin.sy.huang@gmail.com",
                "reply_to_email_address": "",
                "source_arn": "arn:aws:ses:us-east-1:637423348890:identity/justin.sy.huang@gmail.com"
              }
            ],
            "email_mfa_configuration": [],
            "email_verification_message": "Thank you for signing up! Your verification code is {####}",
            "email_verification_subject": "Your OpenMetabolics Verification Code",
            "endpoint": "cognito-idp.us-east-1.amazonaws.com/us-east-1_ypH4pUCEZ",
            "estimated_number_of_users": 1,
            "id": "us-east-1_ypH4pUCEZ",
            "lambda_config": [],
            "last_modified_date": "2025-04-10T16:16:21Z",
            "mfa_configuration": "OFF",
            "name": "openmetabolics-users",
            "password_policy": [
              {
                "minimum_length": 8,
                "password_history_size": 0,
                "require_lowercase": true,
                "require_numbers": true,
                "require_symbols": true,
                "require_uppercase": true,
                "temporary_password_validity_days": 7
              }
            ],
            "schema": [
              {
                "attribute_data_type": "String",
                "developer_only_attribute": false,
                "mutable": true,
                "name": "email",
                "number_attribute_constraints": [],
                "required": true,
                "string_attribute_constraints": [
                  {
                    "max_length": "100",
                    "min_length": "3"
                  }
                ]
              },
              {
                "attribute_data_type": "String",
                "developer_only_attribute": false,
                "mutable": true,
                "name": "family_name",
                "number_attribute_constraints": [],
                "required": true,
                "string_attribute_constraints": [
                  {
                    "max_length": "50",
                    "min_length": "1"
                  }
                ]
              },
              {
                "attribute_data_type": "String",
                "developer_only_attribute": false,
                "mutable": true,
                "name": "given_name",
                "number_attribute_constraints": [],
                "required": true,
                "string_attribute_constraints": [
                  {
                    "max_length": "50",
                    "min_length": "1"
                  }
                ]
              }
            ],
            "sign_in_policy": [
              {
                "allowed_first_auth_factors": [
                  "PASSWORD"
                ]
              }
            ],
            "sms_authentication_message": "",
            "sms_configuration": [],
            "sms_verification_message": "",
            "software_token_mfa_configuration": [],
            "tags": {},
            "tags_all": {},
            "user_attribute_update_settings": [],
            "user_pool_add_ons": [],
            "user_pool_tier": "ESSENTIALS",
            "username_attributes": [],
            "username_configuration": [],
            "verification_message_template": [
              {
                "default_email_option": "CONFIRM_WITH_CODE",
                "email_message": "Thank you for signing up! Your verification code is {####}",
                "email_message_by_link": "",
                "email_subject": "Your OpenMetabolics Verification Code",
                "email_subject_by_link": "",
                "sms_message": ""
              }
            ],
            "web_authn_configuration": []
          },
          "sensitive_attributes": [],
          "private": "bnVsbA==",
          "dependencies": [
            "aws_ses_email_identity.sender"
          ]
        }
      ]
    },
    {
      "mode": "managed",
      "type": "aws_cognito_user_pool_client",
      "name": "client",
      "provider": "provider[\"registry.terraform.io/hashicorp/aws\"]",
      "instances": [
        {
          "schema_version": 0,
          "attributes": {
            "access_token_validity": 0,
            "allowed_oauth_flows": [],
            "allowed_oauth_flows_user_pool_client": false,
            "allowed_oauth_scopes": [],
            "analytics_configuration": [],
            "auth_session_validity": 3,
            "callback_urls": [],
            "client_secret": "",
            "default_redirect_uri": "",
            "enable_propagate_additional_user_context_data": false,
            "enable_token_revocation": true,
            "explicit_auth_flows": [
              "ALLOW_CUSTOM_AUTH",
              "ALLOW_REFRESH_TOKEN_AUTH",
              "ALLOW_USER_PASSWORD_AUTH",
              "ALLOW_USER_SRP_AUTH"
            ],
            "generate_secret": null,
            "id": "5u16a5k77cr779kdbr1sokhkl9",
            "id_token_validity": 0,
            "logout_urls": [],
            "name": "openmetabolics-app",
            "prevent_user_existence_errors": "",
            "read_attributes": [],
            "refresh_token_validity": 30,
            "supported_identity_providers": [],
            "token_validity_units": [],
            "user_pool_id": "us-east-1_ypH4pUCEZ",
            "write_attributes": []
          },
          "sensitive_attributes": [
            [
              {
                "type": "get_attr",
                "value": "client_secret"
              }
            ]
          ],
          "dependencies": [
            "aws_cognito_user_pool.user_pool",
            "aws_ses_email_identity.sender"
          ]
        }
      ]
    },
    {
      "mode": "managed",
      "type": "aws_dynamodb_table",
      "name": "energy_expenditure_results",
      "provider": "provider[\"registry.terraform.io/hashicorp/aws\"]",
      "instances": [
        {
          "schema_version": 1,
          "attributes": {
            "arn": "arn:aws:dynamodb:us-east-1:637423348890:table/open-metabolics-energy-results",
            "attribute": [
              {
                "name": "SessionId",
                "type": "S"
              },
              {
                "name": "Timestamp",
                "type": "S"
              },
              {
                "name": "UserEmail",
                "type": "S"
              }
            ],
            "billing_mode": "PAY_PER_REQUEST",
            "deletion_protection_enabled": false,
            "global_secondary_index": [
              {
                "hash_key": "UserEmail",
                "name": "UserEmailIndex",
                "non_key_attributes": [],
                "on_demand_throughput": [],
                "projection_type": "ALL",
                "range_key": "Timestamp",
                "read_capacity": 5,
                "write_capacity": 5
              }
            ],
            "hash_key": "SessionId",
            "id": "open-metabolics-energy-results",
            "import_table": [],
            "local_secondary_index": [],
            "name": "open-metabolics-energy-results",
            "on_demand_throughput": [],
            "point_in_time_recovery": [
              {
                "enabled": false
              }
            ],
            "range_key": "Timestamp",
            "read_capacity": 0,
            "replica": [],
            "restore_date_time": null,
            "restore_source_name": null,
            "restore_source_table_arn": null,
            "restore_to_latest_time": null,
            "server_side_encryption": [],
            "stream_arn": "",
            "stream_enabled": false,
            "stream_label": "",
            "stream_view_type": "",
            "table_class": "STANDARD",
            "tags": {
              "Environment": "dev",
              "Project": "OpenMetabolics"
            },
            "tags_all": {
              "Environment": "dev",
              "Project": "OpenMetabolics"
            },
            "timeouts": null,
            "ttl": [
              {
                "attribute_name": "",
                "enabled": false
              }
            ],
            "write_capacity": 0
          },
          "sensitive_attributes": [],
          "private": "eyJlMmJmYjczMC1lY2FhLTExZTYtOGY4OC0zNDM2M2JjN2M0YzAiOnsiY3JlYXRlIjoxODAwMDAwMDAwMDAwLCJkZWxldGUiOjYwMDAwMDAwMDAwMCwidXBkYXRlIjozNjAwMDAwMDAwMDAwfSwic2NoZW1hX3ZlcnNpb24iOiIxIn0="
        }
      ]
    },
    {
      "mode": "managed",
      "type": "aws_dynamodb_table",
      "name": "raw_sensor_data",
      "provider": "provider[\"registry.terraform.io/hashicorp/aws\"]",
      "instances": [
        {
          "schema_version": 1,
          "attributes": {
            "arn": "arn:aws:dynamodb:us-east-1:637423348890:table/RawSensorDataTable",
            "attribute": [
              {
                "name": "SessionId",
                "type": "S"
              },
              {
                "name": "Timestamp",
                "type": "S"
              },
              {
                "name": "UserEmail",
                "type": "S"
              }
            ],
            "billing_mode": "PAY_PER_REQUEST",
            "deletion_protection_enabled": false,
            "global_secondary_index": [
              {
                "hash_key": "UserEmail",
                "name": "UserEmailIndex",
                "non_key_attributes": [],
                "on_demand_throughput": [],
                "projection_type": "ALL",
                "range_key": "Timestamp",
                "read_capacity": 5,
                "write_capacity": 5
              }
            ],
            "hash_key": "SessionId",
            "id": "RawSensorDataTable",
            "import_table": [],
            "local_secondary_index": [],
            "name": "RawSensorDataTable",
            "on_demand_throughput": [],
            "point_in_time_recovery": [
              {
                "enabled": false
              }
            ],
            "range_key": "Timestamp",
            "read_capacity": 0,
            "replica": [],
            "restore_date_time": null,
            "restore_source_name": null,
            "restore_source_table_arn": null,
            "restore_to_latest_time": null,
            "server_side_encryption": [],
            "stream_arn": "",
            "stream_enabled": false,
            "stream_label": "",
            "stream_view_type": "",
            "table_class": "STANDARD",
            "tags": {
              "Environment": "dev",
              "Project": "OpenMetabolics"
            },
            "tags_all": {
              "Environment": "dev",
              "Project": "OpenMetabolics"
            },
            "timeouts": null,
            "ttl": [
              {
                "attribute_name": "",
                "enabled": false
              }
            ],
            "write_capacity": 0
          },
          "sensitive_attributes": [],
          "private": "eyJlMmJmYjczMC1lY2FhLTExZTYtOGY4OC0zNDM2M2JjN2M0YzAiOnsiY3JlYXRlIjoxODAwMDAwMDAwMDAwLCJkZWxldGUiOjYwMDAwMDAwMDAwMCwidXBkYXRlIjozNjAwMDAwMDAwMDAwfSwic2NoZW1hX3ZlcnNpb24iOiIxIn0="
        }
      ]
    },
    {
      "mode": "managed",
      "type": "aws_dynamodb_table",
      "name": "user_profiles",
      "provider": "provider[\"registry.terraform.io/hashicorp/aws\"]",
      "instances": [
        {
          "schema_version": 1,
          "attributes": {
            "arn": "arn:aws:dynamodb:us-east-1:637423348890:table/open-metabolics-user-profiles",
            "attribute": [
              {
                "name": "UserEmail",
                "type": "S"
              }
            ],
            "billing_mode": "PAY_PER_REQUEST",
            "deletion_protection_enabled": false,
            "global_secondary_index": [],
            "hash_key": "UserEmail",
            "id": "open-metabolics-user-profiles",
            "import_table": [],
            "local_secondary_index": [],
            "name": "open-metabolics-user-profiles",
            "on_demand_throughput": [],
            "point_in_time_recovery": [
              {
                "enabled": false
              }
            ],
            "range_key": null,
            "read_capacity": 0,
            "replica": [],
            "restore_date_time": null,
            "restore_source_name": null,
            "restore_source_table_arn": null,
            "restore_to_latest_time": null,
            "server_side_encryption": [],
            "stream_arn": "",
            "stream_enabled": false,
            "stream_label": "",
            "stream_view_type": "",
            "table_class": "STANDARD",
            "tags": {
              "Environment": "dev",
              "Project": "OpenMetabolics"
            },
            "tags_all": {
              "Environment": "dev",
              "Project": "OpenMetabolics"
            },
            "timeouts": null,
            "ttl": [
              {
                "attribute_name": "",
                "enabled": false
              }
            ],
            "write_capacity": 0
          },
          "sensitive_attributes": [],
          "private": "eyJlMmJmYjczMC1lY2FhLTExZTYtOGY4OC0zNDM2M2JjN2M0YzAiOnsiY3JlYXRlIjoxODAwMDAwMDAwMDAwLCJkZWxldGUiOjYwMDAwMDAwMDAwMCwidXBkYXRlIjozNjAwMDAwMDAwMDAwfSwic2NoZW1hX3ZlcnNpb24iOiIxIn0="
        }
      ]
    },
    {
      "mode": "managed",
      "type": "aws_iam_role",
      "name": "lambda_role",
      "provider": "provider[\"registry.terraform.io/hashicorp/aws\"]",
      "instances": [
        {
          "schema_version": 0,
          "attributes": {
            "arn": "arn:aws:iam::637423348890:role/open-metabolics-lambda-role",
            "assume_role_policy": "{\"Statement\":[{\"Action\":\"sts:AssumeRole\",\"Effect\":\"Allow\",\"Principal\":{\"Service\":\"lambda.amazonaws.com\"}}],\"Version\":\"2012-10-17\"}",
            "create_date": "2025-03-12T04:46:38Z",
            "description": "",
            "force_detach_policies": false,
            "id": "open-metabolics-lambda-role",
            "inline_policy": [
              {
                "name": "open-metabolics-lambda-policy",
                "policy": "{\"Version\":\"2012-10-17\",\"Statement\":[{\"Action\":[\"dynamodb:PutItem\",\"dynamodb:GetItem\",\"dynamodb:Query\"],\"Effect\":\"Allow\",\"Resource\":[\"arn:aws:dynamodb:us-east-1:637423348890:table/RawSensorDataTable\",\"arn:aws:dynamodb:us-east-1:637423348890:table/RawSensorDataTable/index/UserEmailIndex\",\"arn:aws:dynamodb:us-east-1:637423348890:table/open-metabolics-energy-results\",\"arn:aws:dynamodb:us-east-1:637423348890:table/open-metabolics-energy-results/index/UserEmailIndex\",\"arn:aws:dynamodb:us-east-1:637423348890:table/open-metabolics-user-profiles\"]},{\"Action\":[\"logs:CreateLogGroup\",\"logs:CreateLogStream\",\"logs:PutLogEvents\"],\"Effect\":\"Allow\",\"Resource\":\"arn:aws:logs:*:*:*\"}]}"
              }
            ],
            "managed_policy_arns": [],
            "max_session_duration": 3600,
            "name": "open-metabolics-lambda-role",
            "name_prefix": "",
            "path": "/",
            "permissions_boundary": "",
            "tags": {},
            "tags_all": {},
            "unique_id": "AROAZI2LENSNNSKLNITNY"
          },
          "sensitive_attributes": [],
          "private": "bnVsbA=="
        }
      ]
    },
    {
      "mode": "managed",
      "type": "aws_iam_role_policy",
      "name": "lambda_policy",
      "provider": "provider[\"registry.terraform.io/hashicorp/aws\"]",
      "instances": [
        {
          "schema_version": 0,
          "attributes": {
            "id": "open-metabolics-lambda-role:open-metabolics-lambda-policy",
            "name": "open-metabolics-lambda-policy",
            "name_prefix": "",
            "policy": "{\"Version\":\"2012-10-17\",\"Statement\":[{\"Action\":[\"dynamodb:PutItem\",\"dynamodb:GetItem\",\"dynamodb:Query\"],\"Effect\":\"Allow\",\"Resource\":[\"arn:aws:dynamodb:us-east-1:637423348890:table/RawSensorDataTable\",\"arn:aws:dynamodb:us-east-1:637423348890:table/RawSensorDataTable/index/UserEmailIndex\",\"arn:aws:dynamodb:us-east-1:637423348890:table/open-metabolics-energy-results\",\"arn:aws:dynamodb:us-east-1:637423348890:table/open-metabolics-energy-results/index/UserEmailIndex\",\"arn:aws:dynamodb:us-east-1:637423348890:table/open-metabolics-user-profiles\"]},{\"Action\":[\"logs:CreateLogGroup\",\"logs:CreateLogStream\",\"logs:PutLogEvents\"],\"Effect\":\"Allow\",\"Resource\":\"arn:aws:logs:*:*:*\"}]}",
            "role": "open-metabolics-lambda-role"
          },
          "sensitive_attributes": [],
          "private": "bnVsbA==",
          "dependencies": [
            "aws_dynamodb_table.energy_expenditure_results",
            "aws_dynamodb_table.raw_sensor_data",
            "aws_dynamodb_table.user_profiles",
            "aws_iam_role.lambda_role"
          ]
        }
      ]
    },
    {
      "mode": "managed",
      "type": "aws_lambda_function",
      "name": "energy_expenditure_handler",
      "provider": "provider[\"registry.terraform.io/hashicorp/aws\"]",
      "instances": [
        {
          "schema_version": 0,
          "attributes": {
            "architectures": [
              "x86_64"
            ],
            "arn": "arn:aws:lambda:us-east-1:637423348890:function:process-energy-expenditure",
            "code_sha256": "ErJNO5aHqDVIjt5RONyMRfqA35um99Vr/uGKeCBHp5Y=",
            "code_signing_config_arn": "",
            "dead_letter_config": [],
            "description": "",
            "environment": [
              {
                "variables": {
                  "RAW_SENSOR_TABLE": "RawSensorDataTable",
                  "RESULTS_TABLE": "open-metabolics-energy-results"
                }
              }
            ],
            "ephemeral_storage": [
              {
                "size": 512
              }
            ],
            "file_system_config": [],
            "filename": "./lambda/energy_expenditure_function.zip",
            "function_name": "process-energy-expenditure",
            "handler": "process_energy_expenditure.handler",
            "id": "process-energy-expenditure",
            "image_config": [],
            "image_uri": "",
            "invoke_arn": "arn:aws:apigateway:us-east-1:lambda:path/2015-03-31/functions/arn:aws:lambda:us-east-1:637423348890:function:process-energy-expenditure/invocations",
            "kms_key_arn": "",
            "last_modified": "2025-04-10T16:15:49.374+0000",
            "layers": [],
            "logging_config": [
              {
                "application_log_level": "",
                "log_format": "Text",
                "log_group": "/aws/lambda/process-energy-expenditure",
                "system_log_level": ""
              }
            ],
            "memory_size": 1024,
            "package_type": "Zip",
            "publish": false,
            "qualified_arn": "arn:aws:lambda:us-east-1:637423348890:function:process-energy-expenditure:$LATEST",
            "qualified_invoke_arn": "arn:aws:apigateway:us-east-1:lambda:path/2015-03-31/functions/arn:aws:lambda:us-east-1:637423348890:function:process-energy-expenditure:$LATEST/invocations",
            "replace_security_groups_on_destroy": null,
            "replacement_security_group_ids": null,
            "reserved_concurrent_executions": -1,
            "role": "arn:aws:iam::637423348890:role/open-metabolics-lambda-role",
            "runtime": "nodejs18.x",
            "s3_bucket": null,
            "s3_key": null,
            "s3_object_version": null,
            "signing_job_arn": "",
            "signing_profile_version_arn": "",
            "skip_destroy": false,
            "snap_start": [],
            "source_code_hash": "ErJNO5aHqDVIjt5RONyMRfqA35um99Vr/uGKeCBHp5Y=",
            "source_code_size": 2328,
            "tags": {
              "Environment": "dev",
              "Project": "OpenMetabolics"
            },
            "tags_all": {
              "Environment": "dev",
              "Project": "OpenMetabolics"
            },
            "timeout": 300,
            "timeouts": null,
            "tracing_config": [
              {
                "mode": "PassThrough"
              }
            ],
            "version": "$LATEST",
            "vpc_config": []
          },
          "sensitive_attributes": [],
          "private": "eyJlMmJmYjczMC1lY2FhLTExZTYtOGY4OC0zNDM2M2JjN2M0YzAiOnsiY3JlYXRlIjo2MDAwMDAwMDAwMDAsImRlbGV0ZSI6NjAwMDAwMDAwMDAwLCJ1cGRhdGUiOjYwMDAwMDAwMDAwMH19",
          "dependencies": [
            "aws_dynamodb_table.energy_expenditure_results",
            "aws_dynamodb_table.raw_sensor_data",
            "aws_iam_role.lambda_role",
            "data.archive_file.energy_expenditure_zip"
          ]
        }
      ]
    },
    {
      "mode": "managed",
      "type": "aws_lambda_function",
      "name": "get_user_profile_handler",
      "provider": "provider[\"registry.terraform.io/hashicorp/aws\"]",
      "instances": [
        {
          "schema_version": 0,
          "attributes": {
            "architectures": [
              "x86_64"
            ],
            "arn": "arn:aws:lambda:us-east-1:637423348890:function:get-user-profile",
            "code_sha256": "vtDiTp2fz3Pp08GnGYwlYbWp2WqCWZ89IYW5o6vXKyg=",
            "code_signing_config_arn": "",
            "dead_letter_config": [],
            "description": "",
            "environment": [
              {
                "variables": {
                  "USER_PROFILES_TABLE": "open-metabolics-user-profiles"
                }
              }
            ],
            "ephemeral_storage": [
              {
                "size": 512
              }
            ],
            "file_system_config": [],
            "filename": "./lambda/get_user_profile_function.zip",
            "function_name": "get-user-profile",
            "handler": "get_user_profile.handler",
            "id": "get-user-profile",
            "image_config": [],
            "image_uri": "",
            "invoke_arn": "arn:aws:apigateway:us-east-1:lambda:path/2015-03-31/functions/arn:aws:lambda:us-east-1:637423348890:function:get-user-profile/invocations",
            "kms_key_arn": "",
            "last_modified": "2025-04-10T19:08:38.000+0000",
            "layers": [],
            "logging_config": [
              {
                "application_log_level": "",
                "log_format": "Text",
                "log_group": "/aws/lambda/get-user-profile",
                "system_log_level": ""
              }
            ],
            "memory_size": 256,
            "package_type": "Zip",
            "publish": false,
            "qualified_arn": "arn:aws:lambda:us-east-1:637423348890:function:get-user-profile:$LATEST",
            "qualified_invoke_arn": "arn:aws:apigateway:us-east-1:lambda:path/2015-03-31/functions/arn:aws:lambda:us-east-1:637423348890:function:get-user-profile:$LATEST/invocations",
            "replace_security_groups_on_destroy": null,
            "replacement_security_group_ids": null,
            "reserved_concurrent_executions": -1,
            "role": "arn:aws:iam::637423348890:role/open-metabolics-lambda-role",
            "runtime": "nodejs18.x",
            "s3_bucket": null,
            "s3_key": null,
            "s3_object_version": null,
            "signing_job_arn": "",
            "signing_profile_version_arn": "",
            "skip_destroy": false,
            "snap_start": [],
            "source_code_hash": "vtDiTp2fz3Pp08GnGYwlYbWp2WqCWZ89IYW5o6vXKyg=",
            "source_code_size": 991,
            "tags": {
              "Environment": "dev",
              "Project": "OpenMetabolics"
            },
            "tags_all": {
              "Environment": "dev",
              "Project": "OpenMetabolics"
            },
            "timeout": 30,
            "timeouts": null,
            "tracing_config": [
              {
                "mode": "PassThrough"
              }
            ],
            "version": "$LATEST",
            "vpc_config": []
          },
          "sensitive_attributes": [],
          "private": "eyJlMmJmYjczMC1lY2FhLTExZTYtOGY4OC0zNDM2M2JjN2M0YzAiOnsiY3JlYXRlIjo2MDAwMDAwMDAwMDAsImRlbGV0ZSI6NjAwMDAwMDAwMDAwLCJ1cGRhdGUiOjYwMDAwMDAwMDAwMH19",
          "dependencies": [
            "aws_dynamodb_table.user_profiles",
            "aws_iam_role.lambda_role",
            "data.archive_file.get_user_profile_zip"
          ]
        }
      ]
    },
    {
      "mode": "managed",
      "type": "aws_lambda_function",
      "name": "sensor_data_handler",
      "provider": "provider[\"registry.terraform.io/hashicorp/aws\"]",
      "instances": [
        {
          "schema_version": 0,
          "attributes": {
            "architectures": [
              "x86_64"
            ],
            "arn": "arn:aws:lambda:us-east-1:637423348890:function:save-raw-sensor-data",
            "code_sha256": "LrJ1cAmlUJSYmhC5t16r8wi4CagjEyU153ipE4D6esE=",
            "code_signing_config_arn": "",
            "dead_letter_config": [],
            "description": "",
            "environment": [
              {
                "variables": {
                  "DYNAMODB_TABLE": "RawSensorDataTable"
                }
              }
            ],
            "ephemeral_storage": [
              {
                "size": 512
              }
            ],
            "file_system_config": [],
            "filename": "./lambda/function.zip",
            "function_name": "save-raw-sensor-data",
            "handler": "index.handler",
            "id": "save-raw-sensor-data",
            "image_config": [],
            "image_uri": "",
            "invoke_arn": "arn:aws:apigateway:us-east-1:lambda:path/2015-03-31/functions/arn:aws:lambda:us-east-1:637423348890:function:save-raw-sensor-data/invocations",
            "kms_key_arn": "",
            "last_modified": "2025-04-10T16:15:39.922+0000",
            "layers": [],
            "logging_config": [
              {
                "application_log_level": "",
                "log_format": "Text",
                "log_group": "/aws/lambda/save-raw-sensor-data",
                "system_log_level": ""
              }
            ],
            "memory_size": 256,
            "package_type": "Zip",
            "publish": false,
            "qualified_arn": "arn:aws:lambda:us-east-1:637423348890:function:save-raw-sensor-data:$LATEST",
            "qualified_invoke_arn": "arn:aws:apigateway:us-east-1:lambda:path/2015-03-31/functions/arn:aws:lambda:us-east-1:637423348890:function:save-raw-sensor-data:$LATEST/invocations",
            "replace_security_groups_on_destroy": null,
            "replacement_security_group_ids": null,
            "reserved_concurrent_executions": -1,
            "role": "arn:aws:iam::637423348890:role/open-metabolics-lambda-role",
            "runtime": "nodejs18.x",
            "s3_bucket": null,
            "s3_key": null,
            "s3_object_version": null,
            "signing_job_arn": "",
            "signing_profile_version_arn": "",
            "skip_destroy": false,
            "snap_start": [],
            "source_code_hash": "LrJ1cAmlUJSYmhC5t16r8wi4CagjEyU153ipE4D6esE=",
            "source_code_size": 1134,
            "tags": {
              "Environment": "dev",
              "Project": "OpenMetabolics"
            },
            "tags_all": {
              "Environment": "dev",
              "Project": "OpenMetabolics"
            },
            "timeout": 30,
            "timeouts": null,
            "tracing_config": [
              {
                "mode": "PassThrough"
              }
            ],
            "version": "$LATEST",
            "vpc_config": []
          },
          "sensitive_attributes": [],
          "private": "eyJlMmJmYjczMC1lY2FhLTExZTYtOGY4OC0zNDM2M2JjN2M0YzAiOnsiY3JlYXRlIjo2MDAwMDAwMDAwMDAsImRlbGV0ZSI6NjAwMDAwMDAwMDAwLCJ1cGRhdGUiOjYwMDAwMDAwMDAwMH19",
          "dependencies": [
            "aws_dynamodb_table.raw_sensor_data",
            "aws_iam_role.lambda_role",
            "data.archive_file.lambda_zip"
          ]
        }
      ]
    },
    {
      "mode": "managed",
      "type": "aws_lambda_function",
      "name": "user_profile_handler",
      "provider": "provider[\"registry.terraform.io/hashicorp/aws\"]",
      "instances": [
        {
          "schema_version": 0,
          "attributes": {
            "architectures": [
              "x86_64"
            ],
            "arn": "arn:aws:lambda:us-east-1:637423348890:function:manage-user-profile",
            "code_sha256": "MH0H3QUu7by/U9WGfQwmlOZJk4YWP70guMHiogxzhf0=",
            "code_signing_config_arn": "",
            "dead_letter_config": [],
            "description": "",
            "environment": [
              {
                "variables": {
                  "USER_PROFILES_TABLE": "open-metabolics-user-profiles"
                }
              }
            ],
            "ephemeral_storage": [
              {
                "size": 512
              }
            ],
            "file_system_config": [],
            "filename": "./lambda/user_profile_function.zip",
            "function_name": "manage-user-profile",
            "handler": "user_profile.handler",
            "id": "manage-user-profile",
            "image_config": [],
            "image_uri": "",
            "invoke_arn": "arn:aws:apigateway:us-east-1:lambda:path/2015-03-31/functions/arn:aws:lambda:us-east-1:637423348890:function:manage-user-profile/invocations",
            "kms_key_arn": "",
            "last_modified": "2025-04-10T18:55:30.708+0000",
            "layers": [],
            "logging_config": [
              {
                "application_log_level": "",
                "log_format": "Text",
                "log_group": "/aws/lambda/manage-user-profile",
                "system_log_level": ""
              }
            ],
            "memory_size": 256,
            "package_type": "Zip",
            "publish": false,
            "qualified_arn": "arn:aws:lambda:us-east-1:637423348890:function:manage-user-profile:$LATEST",
            "qualified_invoke_arn": "arn:aws:apigateway:us-east-1:lambda:path/2015-03-31/functions/arn:aws:lambda:us-east-1:637423348890:function:manage-user-profile:$LATEST/invocations",
            "replace_security_groups_on_destroy": null,
            "replacement_security_group_ids": null,
            "reserved_concurrent_executions": -1,
            "role": "arn:aws:iam::637423348890:role/open-metabolics-lambda-role",
            "runtime": "nodejs18.x",
            "s3_bucket": null,
            "s3_key": null,
            "s3_object_version": null,
            "signing_job_arn": "",
            "signing_profile_version_arn": "",
            "skip_destroy": false,
            "snap_start": [],
            "source_code_hash": "MH0H3QUu7by/U9WGfQwmlOZJk4YWP70guMHiogxzhf0=",
            "source_code_size": 1155,
            "tags": {
              "Environment": "dev",
              "Project": "OpenMetabolics"
            },
            "tags_all": {
              "Environment": "dev",
              "Project": "OpenMetabolics"
            },
            "timeout": 30,
            "timeouts": null,
            "tracing_config": [
              {
                "mode": "PassThrough"
              }
            ],
            "version": "$LATEST",
            "vpc_config": []
          },
          "sensitive_attributes": [],
          "private": "eyJlMmJmYjczMC1lY2FhLTExZTYtOGY4OC0zNDM2M2JjN2M0YzAiOnsiY3JlYXRlIjo2MDAwMDAwMDAwMDAsImRlbGV0ZSI6NjAwMDAwMDAwMDAwLCJ1cGRhdGUiOjYwMDAwMDAwMDAwMH19",
          "dependencies": [
            "aws_dynamodb_table.user_profiles",
            "aws_iam_role.lambda_role",
            "data.archive_file.user_profile_zip"
          ]
        }
      ]
    },
    {
      "mode": "managed",
      "type": "aws_lambda_permission",
      "name": "api_gw",
      "provider": "provider[\"registry.terraform.io/hashicorp/aws\"]",
      "instances": [
        {
          "schema_version": 0,
          "attributes": {
            "action": "lambda:InvokeFunction",
            "event_source_token": null,
            "function_name": "save-raw-sensor-data",
            "function_url_auth_type": null,
            "id": "AllowExecutionFromAPIGateway",
            "principal": "apigateway.amazonaws.com",
            "principal_org_id": null,
            "qualifier": "",
            "source_account": null,
            "source_arn": "arn:aws:execute-api:us-east-1:637423348890:b8e3dexk76/*/*",
            "statement_id": "AllowExecutionFromAPIGateway",
            "statement_id_prefix": ""
          },
          "sensitive_attributes": [],
          "private": "bnVsbA==",
          "dependencies": [
            "aws_apigatewayv2_api.lambda_api",
            "aws_dynamodb_table.raw_sensor_data",
            "aws_iam_role.lambda_role",
            "aws_lambda_function.sensor_data_handler",
            "data.archive_file.lambda_zip"
          ]
        }
      ]
    },
    {
      "mode": "managed",
      "type": "aws_lambda_permission",
      "name": "energy_expenditure_api_gw",
      "provider": "provider[\"registry.terraform.io/hashicorp/aws\"]",
      "instances": [
        {
          "schema_version": 0,
          "attributes": {
            "action": "lambda:InvokeFunction",
            "event_source_token": null,
            "function_name": "process-energy-expenditure",
            "function_url_auth_type": null,
            "id": "AllowExecutionFromAPIGateway",
            "principal": "apigateway.amazonaws.com",
            "principal_org_id": null,
            "qualifier": "",
            "source_account": null,
            "source_arn": "arn:aws:execute-api:us-east-1:637423348890:b8e3dexk76/*/*",
            "statement_id": "AllowExecutionFromAPIGateway",
            "statement_id_prefix": ""
          },
          "sensitive_attributes": [],
          "private": "bnVsbA==",
          "dependencies": [
            "aws_apigatewayv2_api.lambda_api",
            "aws_dynamodb_table.energy_expenditure_results",
            "aws_dynamodb_table.raw_sensor_data",
            "aws_iam_role.lambda_role",
            "aws_lambda_function.energy_expenditure_handler",
            "data.archive_file.energy_expenditure_zip"
          ]
        }
      ]
    },
    {
      "mode": "managed",
      "type": "aws_lambda_permission",
      "name": "get_user_profile_api_gw",
      "provider": "provider[\"registry.terraform.io/hashicorp/aws\"]",
      "instances": [
        {
          "schema_version": 0,
          "attributes": {
            "action": "lambda:InvokeFunction",
            "event_source_token": null,
            "function_name": "get-user-profile",
            "function_url_auth_type": null,
            "id": "AllowExecutionFromAPIGateway",
            "principal": "apigateway.amazonaws.com",
            "principal_org_id": null,
            "qualifier": "",
            "source_account": null,
            "source_arn": "arn:aws:execute-api:us-east-1:637423348890:b8e3dexk76/*/*",
            "statement_id": "AllowExecutionFromAPIGateway",
            "statement_id_prefix": ""
          },
          "sensitive_attributes": [],
          "private": "bnVsbA==",
          "dependencies": [
            "aws_apigatewayv2_api.lambda_api",
            "aws_dynamodb_table.user_profiles",
            "aws_iam_role.lambda_role",
            "aws_lambda_function.get_user_profile_handler",
            "data.archive_file.get_user_profile_zip"
          ]
        }
      ]
    },
    {
      "mode": "managed",
      "type": "aws_lambda_permission",
      "name": "user_profile_api_gw",
      "provider": "provider[\"registry.terraform.io/hashicorp/aws\"]",
      "instances": [
        {
          "schema_version": 0,
          "attributes": {
            "action": "lambda:InvokeFunction",
            "event_source_token": null,
            "function_name": "manage-user-profile",
            "function_url_auth_type": null,
            "id": "AllowExecutionFromAPIGateway",
            "principal": "apigateway.amazonaws.com",
            "principal_org_id": null,
            "qualifier": "",
            "source_account": null,
            "source_arn": "arn:aws:execute-api:us-east-1:637423348890:b8e3dexk76/*/*",
            "statement_id": "AllowExecutionFromAPIGateway",
            "statement_id_prefix": ""
          },
          "sensitive_attributes": [],
          "private": "bnVsbA==",
          "dependencies": [
            "aws_apigatewayv2_api.lambda_api",
            "aws_dynamodb_table.user_profiles",
            "aws_iam_role.lambda_role",
            "aws_lambda_function.user_profile_handler",
            "data.archive_file.user_profile_zip"
          ]
        }
      ]
    },
    {
      "mode": "managed",
      "type": "aws_ses_email_identity",
      "name": "sender",
      "provider": "provider[\"registry.terraform.io/hashicorp/aws\"]",
      "instances": [
        {
          "schema_version": 0,
          "attributes": {
            "arn": "arn:aws:ses:us-east-1:637423348890:identity/justin.sy.huang@gmail.com",
            "email": "justin.sy.huang@gmail.com",
            "id": "justin.sy.huang@gmail.com"
          },
          "sensitive_attributes": [],
          "private": "bnVsbA=="
        }
      ]
    }
  ],
  "check_results": null
}
